// !$*UTF8*$!
{
	archiveVersion = 1;
	classes = {
	};
	objectVersion = 46;
	objects = {

/* Begin PBXBuildFile section */
		9E9204271AFCA50000F7DB5C /* main.m in Sources */ = {isa = PBXBuildFile; fileRef = 9E9204261AFCA50000F7DB5C /* main.m */; };
		9E9204301AFCA5A100F7DB5C /* MCBinaryHeap.m in Sources */ = {isa = PBXBuildFile; fileRef = 9E92042F1AFCA53D00F7DB5C /* MCBinaryHeap.m */; };
/* End PBXBuildFile section */

/* Begin PBXCopyFilesBuildPhase section */
		9E9204211AFCA50000F7DB5C /* CopyFiles */ = {
			isa = PBXCopyFilesBuildPhase;
			buildActionMask = 2147483647;
			dstPath = /usr/share/man/man1/;
			dstSubfolderSpec = 0;
			files = (
			);
			runOnlyForDeploymentPostprocessing = 1;
		};
/* End PBXCopyFilesBuildPhase section */

/* Begin PBXFileReference section */
		9E9204231AFCA50000F7DB5C /* MCBinaryHeapDemo */ = {isa = PBXFileReference; explicitFileType = "compiled.mach-o.executable"; includeInIndex = 0; path = MCBinaryHeapDemo; sourceTree = BUILT_PRODUCTS_DIR; };
		9E9204261AFCA50000F7DB5C /* main.m */ = {isa = PBXFileReference; lastKnownFileType = sourcecode.c.objc; path = main.m; sourceTree = "<group>"; };
		9E92042E1AFCA53D00F7DB5C /* MCBinaryHeap.h */ = {isa = PBXFileReference; lastKnownFileType = sourcecode.c.h; path = MCBinaryHeap.h; sourceTree = "<group>"; };
		9E92042F1AFCA53D00F7DB5C /* MCBinaryHeap.m */ = {isa = PBXFileReference; lastKnownFileType = sourcecode.c.objc; path = MCBinaryHeap.m; sourceTree = "<group>"; };
/* End PBXFileReference section */

/* Begin PBXFrameworksBuildPhase section */
		9E9204201AFCA50000F7DB5C /* Frameworks */ = {
			isa = PBXFrameworksBuildPhase;
			buildActionMask = 2147483647;
			files = (
			);
			runOnlyForDeploymentPostprocessing = 0;
		};
/* End PBXFrameworksBuildPhase section */

/* Begin PBXGroup section */
		9E92041A1AFCA50000F7DB5C = {
			isa = PBXGroup;
			children = (
				9E92042D1AFCA53D00F7DB5C /* MCBinaryHeap */,
				9E9204251AFCA50000F7DB5C /* MCBinaryHeapDemo */,
				9E9204241AFCA50000F7DB5C /* Products */,
			);
			sourceTree = "<group>";
		};
		9E9204241AFCA50000F7DB5C /* Products */ = {
			isa = PBXGroup;
			children = (
				9E9204231AFCA50000F7DB5C /* MCBinaryHeapDemo */,
			);
			name = Products;
			sourceTree = "<group>";
		};
		9E9204251AFCA50000F7DB5C /* MCBinaryHeapDemo */ = {
			isa = PBXGroup;
			children = (
				9E9204261AFCA50000F7DB5C /* main.m */,
			);
			path = MCBinaryHeapDemo;
			sourceTree = "<group>";
		};
		9E92042D1AFCA53D00F7DB5C /* MCBinaryHeap */ = {
			isa = PBXGroup;
			children = (
				9E92042E1AFCA53D00F7DB5C /* MCBinaryHeap.h */,
				9E92042F1AFCA53D00F7DB5C /* MCBinaryHeap.m */,
			);
			name = MCBinaryHeap;
			path = ../MCBinaryHeap;
			sourceTree = "<group>";
		};
/* End PBXGroup section */

/* Begin PBXNativeTarget section */
		9E9204221AFCA50000F7DB5C /* MCBinaryHeapDemo */ = {
			isa = PBXNativeTarget;
			buildConfigurationList = 9E92042A1AFCA50000F7DB5C /* Build configuration list for PBXNativeTarget "MCBinaryHeapDemo" */;
			buildPhases = (
				9E92041F1AFCA50000F7DB5C /* Sources */,
				9E9204201AFCA50000F7DB5C /* Frameworks */,
				9E9204211AFCA50000F7DB5C /* CopyFiles */,
			);
			buildRules = (
			);
			dependencies = (
			);
			name = MCBinaryHeapDemo;
			productName = MCBinaryHeapDemo;
			productReference = 9E9204231AFCA50000F7DB5C /* MCBinaryHeapDemo */;
			productType = "com.apple.product-type.tool";
		};
/* End PBXNativeTarget section */

/* Begin PBXProject section */
		9E92041B1AFCA50000F7DB5C /* Project object */ = {
			isa = PBXProject;
			attributes = {
				LastUpgradeCheck = 0630;
				ORGANIZATIONNAME = matthewcheok;
				TargetAttributes = {
					9E9204221AFCA50000F7DB5C = {
						CreatedOnToolsVersion = 6.3.1;
					};
				};
			};
			buildConfigurationList = 9E92041E1AFCA50000F7DB5C /* Build configuration list for PBXProject "MCBinaryHeapDemo" */;
			compatibilityVersion = "Xcode 3.2";
			developmentRegion = English;
			hasScannedForEncodings = 0;
			knownRegions = (
				en,
			);
			mainGroup = 9E92041A1AFCA50000F7DB5C;
			productRefGroup = 9E9204241AFCA50000F7DB5C /* Products */;
			projectDirPath = "";
			projectRoot = "";
			targets = (
				9E9204221AFCA50000F7DB5C /* MCBinaryHeapDemo */,
			);
		};
/* End PBXProject section */

/* Begin PBXSourcesBuildPhase section */
		9E92041F1AFCA50000F7DB5C /* Sources */ = {
			isa = PBXSourcesBuildPhase;
			buildActionMask = 2147483647;
			files = (
				9E9204301AFCA5A100F7DB5C /* MCBinaryHeap.m in Sources */,
				9E9204271AFCA50000F7DB5C /* main.m in Sources */,
			);
			runOnlyForDeploymentPostprocessing = 0;
		};
/* End PBXSourcesBuildPhase section */

/* Begin XCBuildConfiguration section */
		9E9204281AFCA50000F7DB5C /* Debug */ = {
			isa = XCBuildConfiguration;
			buildSettings = {
				ALWAYS_SEARCH_USER_PATHS = NO;
				CLANG_CXX_LANGUAGE_STANDARD = "gnu++0x";
				CLANG_CXX_LIBRARY = "libc++";
				CLANG_ENABLE_MODULES = YES;
				CLANG_ENABLE_OBJC_ARC = YES;
				CLANG_WARN_BOOL_CONVERSION = YES;
				CLANG_WARN_CONSTANT_CONVERSION = YES;
				CLANG_WARN_DIRECT_OBJC_ISA_USAGE = YES_ERROR;
				CLANG_WARN_EMPTY_BODY = YES;
				CLANG_WARN_ENUM_CONVERSION = YES;
				CLANG_WARN_INT_CONVERSION = YES;
				CLANG_WARN_OBJC_ROOT_CLASS = YES_ERROR;
				CLANG_WARN_UNREACHABLE_CODE = YES;
				CLANG_WARN__DUPLICATE_METHOD_MATCH = YES;
				COPY_PHASE_STRIP = NO;
				DEBUG_INFORMATION_FORMAT = dwarf;
				ENABLE_STRICT_OBJC_MSGSEND = YES;
				GCC_C_LANGUAGE_STANDARD = gnu99;
				GCC_DYNAMIC_NO_PIC = NO;
				GCC_NO_COMMON_BLOCKS = YES;
				GCC_OPTIMIZATION_LEVEL = 0;
				GCC_PREPROCESSOR_DEFINITIONS = (
					"DEBUG=1",
					"$(inherited)",
				);
				GCC_SYMBOLS_PRIVATE_EXTERN = NO;
				GCC_WARN_64_TO_32_BIT_CONVERSION = YES;
				GCC_WARN_ABOUT_RETURN_TYPE = YES_ERROR;
				GCC_WARN_UNDECLARED_SELECTOR = YES;
				GCC_WARN_UNINITIALIZED_AUTOS = YES_AGGRESSIVE;
				GCC_WARN_UNUSED_FUNCTION = YES;
				GCC_WARN_UNUSED_VARIABLE = YES;
				MACOSX_DEPLOYMENT_TARGET = 10.10;
				MTL_ENABLE_DEBUG_INFO = YES;
				ONLY_ACTIVE_ARCH = YES;
				SDKROOT = macosx;
			};
			name = Debug;
		};
		9E9204291AFCA50000F7DB5C /* Release */ = {
			isa = XCBuildConfiguration;
			buildSettings = {
				ALWAYS_SEARCH_USER_PATHS = NO;
				CLANG_CXX_LANGUAGE_STANDARD = "gnu++0x";
				CLANG_CXX_LIBRARY = "libc++";
				CLANG_ENABLE_MODULES = YES;
				CLANG_ENABLE_OBJC_ARC = YES;
				CLANG_WARN_BOOL_CONVERSION = YES;
				CLANG_WARN_CONSTANT_CONVERSION = YES;
				CLANG_WARN_DIRECT_OBJC_ISA_USAGE = YES_ERROR;
				CLANG_WARN_EMPTY_BODY = YES;
				CLANG_WARN_ENUM_CONVERSION = YES;
				CLANG_WARN_INT_CONVERSION = YES;
				CLANG_WARN_OBJC_ROOT_CLASS = YES_ERROR;
				CLANG_WARN_UNREACHABLE_CODE = YES;
				CLANG_WARN__DUPLICATE_METHOD_MATCH = YES;
				COPY_PHASE_STRIP = NO;
				DEBUG_INFORMATION_FORMAT = "dwarf-with-dsym";
				ENABLE_NS_ASSERTIONS = NO;
				ENABLE_STRICT_OBJC_MSGSEND = YES;
				GCC_C_LANGUAGE_STANDARD = gnu99;
				GCC_NO_COMMON_BLOCKS = YES;
				GCC_WARN_64_TO_32_BIT_CONVERSION = YES;
				GCC_WARN_ABOUT_RETURN_TYPE = YES_ERROR;
				GCC_WARN_UNDECLARED_SELECTOR = YES;
				GCC_WARN_UNINITIALIZED_AUTOS = YES_AGGRESSIVE;
				GCC_WARN_UNUSED_FUNCTION = YES;
				GCC_WARN_UNUSED_VARIABLE = YES;
				MACOSX_DEPLOYMENT_TARGET = 10.10;
				MTL_ENABLE_DEBUG_INFO = NO;
				SDKROOT = macosx;
			};
			name = Release;
		};
		9E92042B1AFCA50000F7DB5C /* Debug */ = {
			isa = XCBuildConfiguration;
			buildSettings = {
				PRODUCT_NAME = "$(TARGET_NAME)";
			};
			name = Debug;
		};
		9E92042C1AFCA50000F7DB5C /* Release */ = {
			isa = XCBuildConfiguration;
			buildSettings = {
				PRODUCT_NAME = "$(TARGET_NAME)";
			};
			name = Release;
		};
/* End XCBuildConfiguration section */

/* Begin XCConfigurationList section */
		9E92041E1AFCA50000F7DB5C /* Build configuration list for PBXProject "MCBinaryHeapDemo" */ = {
			isa = XCConfigurationList;
			buildConfigurations = (
				9E9204281AFCA50000F7DB5C /* Debug */,
				9E9204291AFCA50000F7DB5C /* Release */,
			);
			defaultConfigurationIsVisible = 0;
			defaultConfigurationName = Release;
		};
		9E92042A1AFCA50000F7DB5C /* Build configuration list for PBXNativeTarget "MCBinaryHeapDemo" */ = {
			isa = XCConfigurationList;
			buildConfigurations = (
				9E92042B1AFCA50000F7DB5C /* Debug */,
				9E92042C1AFCA50000F7DB5C /* Release */,
			);
			defaultConfigurationIsVisible = 0;
		};
/* End XCConfigurationList section */
	};
	rootObject = 9E92041B1AFCA50000F7DB5C /* Project object */;
}
